# THIS IS AN AUTOGENERATED FILE. DO NOT EDIT THIS FILE DIRECTLY.
# yarn lockfile v1


"@babylonjs/core@^7.44.0":
  version "7.44.0"
  resolved "https://registry.yarnpkg.com/@babylonjs/core/-/core-7.44.0.tgz#d73718c782c0b3abdd30e4100918be99270c4014"
  integrity sha512-1KJ7ndLDSOgNSZIOU2PxMcS/EOkK7nCocuMgZR2zDgrMqMXu+Hsk3rHmLp+9lDFFjA1DCFVyoy010a/1hHr8GA==
